
Microsoft Visual Studio Solution File, Format Version 12.00
# Visual Studio 15
VisualStudioVersion = 15.0.28307.902
MinimumVisualStudioVersion = 10.0.40219.1
Project("{FAE04EC0-301F-11D3-BF4B-00C04F79EFBC}") = "test-project-6", "test-project-6\test-project-6.csproj", "{D946160D-C781-456D-860C-B8BBC1B2873D}"
EndProject
Global
	GlobalSection(SolutionConfigurationPlatforms) = preSolution
		Debug|Any CPU = Debug|Any CPU
		Release|Any CPU = Release|Any CPU
	EndGlobalSection
	GlobalSection(ProjectConfigurationPlatforms) = postSolution
		{D946160D-C781-456D-860C-B8BBC1B2873D}.Debug|Any CPU.ActiveCfg = Debug|Any CPU
		{D946160D-C781-456D-860C-B8BBC1B2873D}.Debug|Any CPU.Build.0 = Debug|Any CPU
		{D946160D-C781-456D-860C-B8BBC1B2873D}.Release|Any CPU.ActiveCfg = Release|Any CPU
		{D946160D-C781-456D-860C-B8BBC1B2873D}.Release|Any CPU.Build.0 = Release|Any CPU
	EndGlobalSection
	GlobalSection(SolutionProperties) = preSolution
		HideSolutionNode = FALSE
	EndGlobalSection
	GlobalSection(ExtensibilityGlobals) = postSolution
		SolutionGuid = {7BBDED73-FE12-491B-8778-EF9B01F9BEB5}
	EndGlobalSection
EndGlobal
